
Microsoft Visual Studio Solution File, Format Version 12.00
# Visual Studio Version 16
VisualStudioVersion = 16.0.31321.278
MinimumVisualStudioVersion = 10.0.40219.1
Project("{FAE04EC0-301F-11D3-BF4B-00C04F79EFBC}") = "Lab1VNEXPRESS", "Lab1VNEXPRESS.csproj", "{F5FF6F51-DC7F-4B7F-9674-33B0F87F27FD}"
EndProject
Global
	GlobalSection(SolutionConfigurationPlatforms) = preSolution
		Debug|Any CPU = Debug|Any CPU
		Release|Any CPU = Release|Any CPU
	EndGlobalSection
	GlobalSection(ProjectConfigurationPlatforms) = postSolution
		{F5FF6F51-DC7F-4B7F-9674-33B0F87F27FD}.Debug|Any CPU.ActiveCfg = Debug|Any CPU
		{F5FF6F51-DC7F-4B7F-9674-33B0F87F27FD}.Debug|Any CPU.Build.0 = Debug|Any CPU
		{F5FF6F51-DC7F-4B7F-9674-33B0F87F27FD}.Release|Any CPU.ActiveCfg = Release|Any CPU
		{F5FF6F51-DC7F-4B7F-9674-33B0F87F27FD}.Release|Any CPU.Build.0 = Release|Any CPU
	EndGlobalSection
	GlobalSection(SolutionProperties) = preSolution
		HideSolutionNode = FALSE
	EndGlobalSection
	GlobalSection(ExtensibilityGlobals) = postSolution
		SolutionGuid = {7B7715C2-3358-4C7D-96B4-18079A1EBDF9}
	EndGlobalSection
EndGlobal
